// !$*UTF8*$!
{
	archiveVersion = 1;
	classes = {
	};
	objectVersion = 56;
	objects = {

/* Begin PBXBuildFile section */
		849BDF1E2C3575C600DD81EA /* AppDelegate.swift in Sources */ = {isa = PBXBuildFile; fileRef = 849BDF1D2C3575C600DD81EA /* AppDelegate.swift */; };
		849BDF202C3575C600DD81EA /* SceneDelegate.swift in Sources */ = {isa = PBXBuildFile; fileRef = 849BDF1F2C3575C600DD81EA /* SceneDelegate.swift */; };
		849BDF222C3575C600DD81EA /* ViewController.swift in Sources */ = {isa = PBXBuildFile; fileRef = 849BDF212C3575C600DD81EA /* ViewController.swift */; };
		849BDF272C3575CB00DD81EA /* Assets.xcassets in Resources */ = {isa = PBXBuildFile; fileRef = 849BDF262C3575CB00DD81EA /* Assets.xcassets */; };
		849BDF2A2C3575CB00DD81EA /* LaunchScreen.storyboard in Resources */ = {isa = PBXBuildFile; fileRef = 849BDF282C3575CB00DD81EA /* LaunchScreen.storyboard */; };
		849BDF342C55718700DD81EA /* HeroModel.swift in Sources */ = {isa = PBXBuildFile; fileRef = 849BDF332C55718700DD81EA /* HeroModel.swift */; };
		849BDF362C55784000DD81EA /* DataDownloadService.swift in Sources */ = {isa = PBXBuildFile; fileRef = 849BDF352C55784000DD81EA /* DataDownloadService.swift */; };
		849BDF382C557A0A00DD81EA /* Hero.json in Resources */ = {isa = PBXBuildFile; fileRef = 849BDF372C557A0A00DD81EA /* Hero.json */; };
		849BDF3E2C55961F00DD81EA /* DetailViewController.swift in Sources */ = {isa = PBXBuildFile; fileRef = 849BDF3D2C55961F00DD81EA /* DetailViewController.swift */; };
		849BDF402C56C5A500DD81EA /* HeroTableViewCell.swift in Sources */ = {isa = PBXBuildFile; fileRef = 849BDF3F2C56C5A500DD81EA /* HeroTableViewCell.swift */; };
		849BDF422C56D56200DD81EA /* HeroesViewController.swift in Sources */ = {isa = PBXBuildFile; fileRef = 849BDF412C56D56200DD81EA /* HeroesViewController.swift */; };
		849BDF442C56D94C00DD81EA /* VillainsViewController.swift in Sources */ = {isa = PBXBuildFile; fileRef = 849BDF432C56D94C00DD81EA /* VillainsViewController.swift */; };
/* End PBXBuildFile section */

/* Begin PBXFileReference section */
		849BDF1A2C3575C600DD81EA /* SuperHeroesUIKit.app */ = {isa = PBXFileReference; explicitFileType = wrapper.application; includeInIndex = 0; path = SuperHeroesUIKit.app; sourceTree = BUILT_PRODUCTS_DIR; };
		849BDF1D2C3575C600DD81EA /* AppDelegate.swift */ = {isa = PBXFileReference; lastKnownFileType = sourcecode.swift; path = AppDelegate.swift; sourceTree = "<group>"; };
		849BDF1F2C3575C600DD81EA /* SceneDelegate.swift */ = {isa = PBXFileReference; lastKnownFileType = sourcecode.swift; path = SceneDelegate.swift; sourceTree = "<group>"; };
		849BDF212C3575C600DD81EA /* ViewController.swift */ = {isa = PBXFileReference; lastKnownFileType = sourcecode.swift; path = ViewController.swift; sourceTree = "<group>"; };
		849BDF262C3575CB00DD81EA /* Assets.xcassets */ = {isa = PBXFileReference; lastKnownFileType = folder.assetcatalog; path = Assets.xcassets; sourceTree = "<group>"; };
		849BDF292C3575CB00DD81EA /* Base */ = {isa = PBXFileReference; lastKnownFileType = file.storyboard; name = Base; path = Base.lproj/LaunchScreen.storyboard; sourceTree = "<group>"; };
		849BDF2B2C3575CB00DD81EA /* Info.plist */ = {isa = PBXFileReference; lastKnownFileType = text.plist.xml; path = Info.plist; sourceTree = "<group>"; };
		849BDF332C55718700DD81EA /* HeroModel.swift */ = {isa = PBXFileReference; lastKnownFileType = sourcecode.swift; path = HeroModel.swift; sourceTree = "<group>"; };
		849BDF352C55784000DD81EA /* DataDownloadService.swift */ = {isa = PBXFileReference; lastKnownFileType = sourcecode.swift; path = DataDownloadService.swift; sourceTree = "<group>"; };
		849BDF372C557A0A00DD81EA /* Hero.json */ = {isa = PBXFileReference; fileEncoding = 4; lastKnownFileType = text.json; path = Hero.json; sourceTree = "<group>"; };
		849BDF3D2C55961F00DD81EA /* DetailViewController.swift */ = {isa = PBXFileReference; lastKnownFileType = sourcecode.swift; path = DetailViewController.swift; sourceTree = "<group>"; };
		849BDF3F2C56C5A500DD81EA /* HeroTableViewCell.swift */ = {isa = PBXFileReference; lastKnownFileType = sourcecode.swift; path = HeroTableViewCell.swift; sourceTree = "<group>"; };
		849BDF412C56D56200DD81EA /* HeroesViewController.swift */ = {isa = PBXFileReference; lastKnownFileType = sourcecode.swift; path = HeroesViewController.swift; sourceTree = "<group>"; };
		849BDF432C56D94C00DD81EA /* VillainsViewController.swift */ = {isa = PBXFileReference; lastKnownFileType = sourcecode.swift; path = VillainsViewController.swift; sourceTree = "<group>"; };
/* End PBXFileReference section */

/* Begin PBXFrameworksBuildPhase section */
		849BDF172C3575C600DD81EA /* Frameworks */ = {
			isa = PBXFrameworksBuildPhase;
			buildActionMask = 2147483647;
			files = (
			);
			runOnlyForDeploymentPostprocessing = 0;
		};
/* End PBXFrameworksBuildPhase section */

/* Begin PBXGroup section */
		849BDF112C3575C500DD81EA = {
			isa = PBXGroup;
			children = (
				849BDF1C2C3575C600DD81EA /* SuperHeroesUIKit */,
				849BDF1B2C3575C600DD81EA /* Products */,
			);
			sourceTree = "<group>";
		};
		849BDF1B2C3575C600DD81EA /* Products */ = {
			isa = PBXGroup;
			children = (
				849BDF1A2C3575C600DD81EA /* SuperHeroesUIKit.app */,
			);
			name = Products;
			sourceTree = "<group>";
		};
		849BDF1C2C3575C600DD81EA /* SuperHeroesUIKit */ = {
			isa = PBXGroup;
			children = (
				849BDF3D2C55961F00DD81EA /* DetailViewController.swift */,
				849BDF332C55718700DD81EA /* HeroModel.swift */,
				849BDF1D2C3575C600DD81EA /* AppDelegate.swift */,
				849BDF1F2C3575C600DD81EA /* SceneDelegate.swift */,
				849BDF212C3575C600DD81EA /* ViewController.swift */,
				849BDF262C3575CB00DD81EA /* Assets.xcassets */,
				849BDF282C3575CB00DD81EA /* LaunchScreen.storyboard */,
				849BDF2B2C3575CB00DD81EA /* Info.plist */,
				849BDF352C55784000DD81EA /* DataDownloadService.swift */,
				849BDF372C557A0A00DD81EA /* Hero.json */,
				849BDF3F2C56C5A500DD81EA /* HeroTableViewCell.swift */,
				849BDF412C56D56200DD81EA /* HeroesViewController.swift */,
				849BDF432C56D94C00DD81EA /* VillainsViewController.swift */,
			);
			path = SuperHeroesUIKit;
			sourceTree = "<group>";
		};
/* End PBXGroup section */

/* Begin PBXNativeTarget section */
		849BDF192C3575C600DD81EA /* SuperHeroesUIKit */ = {
			isa = PBXNativeTarget;
			buildConfigurationList = 849BDF2E2C3575CB00DD81EA /* Build configuration list for PBXNativeTarget "SuperHeroesUIKit" */;
			buildPhases = (
				849BDF162C3575C600DD81EA /* Sources */,
				849BDF172C3575C600DD81EA /* Frameworks */,
				849BDF182C3575C600DD81EA /* Resources */,
			);
			buildRules = (
			);
			dependencies = (
			);
			name = SuperHeroesUIKit;
			productName = SuperHeroesUIKit;
			productReference = 849BDF1A2C3575C600DD81EA /* SuperHeroesUIKit.app */;
			productType = "com.apple.product-type.application";
		};
/* End PBXNativeTarget section */

/* Begin PBXProject section */
		849BDF122C3575C500DD81EA /* Project object */ = {
			isa = PBXProject;
			attributes = {
				BuildIndependentTargetsInParallel = 1;
				LastSwiftUpdateCheck = 1430;
				LastUpgradeCheck = 1430;
				TargetAttributes = {
					849BDF192C3575C600DD81EA = {
						CreatedOnToolsVersion = 14.3.1;
					};
				};
			};
			buildConfigurationList = 849BDF152C3575C500DD81EA /* Build configuration list for PBXProject "SuperHeroesUIKit" */;
			compatibilityVersion = "Xcode 14.0";
			developmentRegion = en;
			hasScannedForEncodings = 0;
			knownRegions = (
				en,
				Base,
			);
			mainGroup = 849BDF112C3575C500DD81EA;
			productRefGroup = 849BDF1B2C3575C600DD81EA /* Products */;
			projectDirPath = "";
			projectRoot = "";
			targets = (
				849BDF192C3575C600DD81EA /* SuperHeroesUIKit */,
			);
		};
/* End PBXProject section */

/* Begin PBXResourcesBuildPhase section */
		849BDF182C3575C600DD81EA /* Resources */ = {
			isa = PBXResourcesBuildPhase;
			buildActionMask = 2147483647;
			files = (
				849BDF382C557A0A00DD81EA /* Hero.json in Resources */,
				849BDF2A2C3575CB00DD81EA /* LaunchScreen.storyboard in Resources */,
				849BDF272C3575CB00DD81EA /* Assets.xcassets in Resources */,
			);
			runOnlyForDeploymentPostprocessing = 0;
		};
/* End PBXResourcesBuildPhase section */

/* Begin PBXSourcesBuildPhase section */
		849BDF162C3575C600DD81EA /* Sources */ = {
			isa = PBXSourcesBuildPhase;
			buildActionMask = 2147483647;
			files = (
				849BDF3E2C55961F00DD81EA /* DetailViewController.swift in Sources */,
				849BDF222C3575C600DD81EA /* ViewController.swift in Sources */,
				849BDF422C56D56200DD81EA /* HeroesViewController.swift in Sources */,
				849BDF1E2C3575C600DD81EA /* AppDelegate.swift in Sources */,
				849BDF362C55784000DD81EA /* DataDownloadService.swift in Sources */,
				849BDF442C56D94C00DD81EA /* VillainsViewController.swift in Sources */,
				849BDF202C3575C600DD81EA /* SceneDelegate.swift in Sources */,
				849BDF402C56C5A500DD81EA /* HeroTableViewCell.swift in Sources */,
				849BDF342C55718700DD81EA /* HeroModel.swift in Sources */,
			);
			runOnlyForDeploymentPostprocessing = 0;
		};
/* End PBXSourcesBuildPhase section */

/* Begin PBXVariantGroup section */
		849BDF282C3575CB00DD81EA /* LaunchScreen.storyboard */ = {
			isa = PBXVariantGroup;
			children = (
				849BDF292C3575CB00DD81EA /* Base */,
			);
			name = LaunchScreen.storyboard;
			sourceTree = "<group>";
		};
/* End PBXVariantGroup section */

/* Begin XCBuildConfiguration section */
		849BDF2C2C3575CB00DD81EA /* Debug */ = {
			isa = XCBuildConfiguration;
			buildSettings = {
				ALWAYS_SEARCH_USER_PATHS = NO;
				CLANG_ANALYZER_NONNULL = YES;
				CLANG_ANALYZER_NUMBER_OBJECT_CONVERSION = YES_AGGRESSIVE;
				CLANG_CXX_LANGUAGE_STANDARD = "gnu++20";
				CLANG_ENABLE_MODULES = YES;
				CLANG_ENABLE_OBJC_ARC = YES;
				CLANG_ENABLE_OBJC_WEAK = YES;
				CLANG_WARN_BLOCK_CAPTURE_AUTORELEASING = YES;
				CLANG_WARN_BOOL_CONVERSION = YES;
				CLANG_WARN_COMMA = YES;
				CLANG_WARN_CONSTANT_CONVERSION = YES;
				CLANG_WARN_DEPRECATED_OBJC_IMPLEMENTATIONS = YES;
				CLANG_WARN_DIRECT_OBJC_ISA_USAGE = YES_ERROR;
				CLANG_WARN_DOCUMENTATION_COMMENTS = YES;
				CLANG_WARN_EMPTY_BODY = YES;
				CLANG_WARN_ENUM_CONVERSION = YES;
				CLANG_WARN_INFINITE_RECURSION = YES;
				CLANG_WARN_INT_CONVERSION = YES;
				CLANG_WARN_NON_LITERAL_NULL_CONVERSION = YES;
				CLANG_WARN_OBJC_IMPLICIT_RETAIN_SELF = YES;
				CLANG_WARN_OBJC_LITERAL_CONVERSION = YES;
				CLANG_WARN_OBJC_ROOT_CLASS = YES_ERROR;
				CLANG_WARN_QUOTED_INCLUDE_IN_FRAMEWORK_HEADER = YES;
				CLANG_WARN_RANGE_LOOP_ANALYSIS = YES;
				CLANG_WARN_STRICT_PROTOTYPES = YES;
				CLANG_WARN_SUSPICIOUS_MOVE = YES;
				CLANG_WARN_UNGUARDED_AVAILABILITY = YES_AGGRESSIVE;
				CLANG_WARN_UNREACHABLE_CODE = YES;
				CLANG_WARN__DUPLICATE_METHOD_MATCH = YES;
				COPY_PHASE_STRIP = NO;
				DEBUG_INFORMATION_FORMAT = dwarf;
				ENABLE_STRICT_OBJC_MSGSEND = YES;
				ENABLE_TESTABILITY = YES;
				GCC_C_LANGUAGE_STANDARD = gnu11;
				GCC_DYNAMIC_NO_PIC = NO;
				GCC_NO_COMMON_BLOCKS = YES;
				GCC_OPTIMIZATION_LEVEL = 0;
				GCC_PREPROCESSOR_DEFINITIONS = (
					"DEBUG=1",
					"$(inherited)",
				);
				GCC_WARN_64_TO_32_BIT_CONVERSION = YES;
				GCC_WARN_ABOUT_RETURN_TYPE = YES_ERROR;
				GCC_WARN_UNDECLARED_SELECTOR = YES;
				GCC_WARN_UNINITIALIZED_AUTOS = YES_AGGRESSIVE;
				GCC_WARN_UNUSED_FUNCTION = YES;
				GCC_WARN_UNUSED_VARIABLE = YES;
				IPHONEOS_DEPLOYMENT_TARGET = 16.4;
				MTL_ENABLE_DEBUG_INFO = INCLUDE_SOURCE;
				MTL_FAST_MATH = YES;
				ONLY_ACTIVE_ARCH = YES;
				SDKROOT = iphoneos;
				SWIFT_ACTIVE_COMPILATION_CONDITIONS = DEBUG;
				SWIFT_OPTIMIZATION_LEVEL = "-Onone";
			};
			name = Debug;
		};
		849BDF2D2C3575CB00DD81EA /* Release */ = {
			isa = XCBuildConfiguration;
			buildSettings = {
				ALWAYS_SEARCH_USER_PATHS = NO;
				CLANG_ANALYZER_NONNULL = YES;
				CLANG_ANALYZER_NUMBER_OBJECT_CONVERSION = YES_AGGRESSIVE;
				CLANG_CXX_LANGUAGE_STANDARD = "gnu++20";
				CLANG_ENABLE_MODULES = YES;
				CLANG_ENABLE_OBJC_ARC = YES;
				CLANG_ENABLE_OBJC_WEAK = YES;
				CLANG_WARN_BLOCK_CAPTURE_AUTORELEASING = YES;
				CLANG_WARN_BOOL_CONVERSION = YES;
				CLANG_WARN_COMMA = YES;
				CLANG_WARN_CONSTANT_CONVERSION = YES;
				CLANG_WARN_DEPRECATED_OBJC_IMPLEMENTATIONS = YES;
				CLANG_WARN_DIRECT_OBJC_ISA_USAGE = YES_ERROR;
				CLANG_WARN_DOCUMENTATION_COMMENTS = YES;
				CLANG_WARN_EMPTY_BODY = YES;
				CLANG_WARN_ENUM_CONVERSION = YES;
				CLANG_WARN_INFINITE_RECURSION = YES;
				CLANG_WARN_INT_CONVERSION = YES;
				CLANG_WARN_NON_LITERAL_NULL_CONVERSION = YES;
				CLANG_WARN_OBJC_IMPLICIT_RETAIN_SELF = YES;
				CLANG_WARN_OBJC_LITERAL_CONVERSION = YES;
				CLANG_WARN_OBJC_ROOT_CLASS = YES_ERROR;
				CLANG_WARN_QUOTED_INCLUDE_IN_FRAMEWORK_HEADER = YES;
				CLANG_WARN_RANGE_LOOP_ANALYSIS = YES;
				CLANG_WARN_STRICT_PROTOTYPES = YES;
				CLANG_WARN_SUSPICIOUS_MOVE = YES;
				CLANG_WARN_UNGUARDED_AVAILABILITY = YES_AGGRESSIVE;
				CLANG_WARN_UNREACHABLE_CODE = YES;
				CLANG_WARN__DUPLICATE_METHOD_MATCH = YES;
				COPY_PHASE_STRIP = NO;
				DEBUG_INFORMATION_FORMAT = "dwarf-with-dsym";
				ENABLE_NS_ASSERTIONS = NO;
				ENABLE_STRICT_OBJC_MSGSEND = YES;
				GCC_C_LANGUAGE_STANDARD = gnu11;
				GCC_NO_COMMON_BLOCKS = YES;
				GCC_WARN_64_TO_32_BIT_CONVERSION = YES;
				GCC_WARN_ABOUT_RETURN_TYPE = YES_ERROR;
				GCC_WARN_UNDECLARED_SELECTOR = YES;
				GCC_WARN_UNINITIALIZED_AUTOS = YES_AGGRESSIVE;
				GCC_WARN_UNUSED_FUNCTION = YES;
				GCC_WARN_UNUSED_VARIABLE = YES;
				IPHONEOS_DEPLOYMENT_TARGET = 16.4;
				MTL_ENABLE_DEBUG_INFO = NO;
				MTL_FAST_MATH = YES;
				SDKROOT = iphoneos;
				SWIFT_COMPILATION_MODE = wholemodule;
				SWIFT_OPTIMIZATION_LEVEL = "-O";
				VALIDATE_PRODUCT = YES;
			};
			name = Release;
		};
		849BDF2F2C3575CB00DD81EA /* Debug */ = {
			isa = XCBuildConfiguration;
			buildSettings = {
				ASSETCATALOG_COMPILER_APPICON_NAME = AppIcon;
				ASSETCATALOG_COMPILER_GLOBAL_ACCENT_COLOR_NAME = AccentColor;
				CODE_SIGN_STYLE = Automatic;
				CURRENT_PROJECT_VERSION = 1;
				GENERATE_INFOPLIST_FILE = YES;
				INFOPLIST_FILE = SuperHeroesUIKit/Info.plist;
				INFOPLIST_KEY_UIApplicationSupportsIndirectInputEvents = YES;
				INFOPLIST_KEY_UILaunchStoryboardName = LaunchScreen;
				INFOPLIST_KEY_UIStatusBarStyle = "";
				INFOPLIST_KEY_UISupportedInterfaceOrientations = UIInterfaceOrientationPortrait;
				INFOPLIST_KEY_UISupportedInterfaceOrientations_iPad = "UIInterfaceOrientationLandscapeLeft UIInterfaceOrientationLandscapeRight UIInterfaceOrientationPortrait UIInterfaceOrientationPortraitUpsideDown";
				LD_RUNPATH_SEARCH_PATHS = (
					"$(inherited)",
					"@executable_path/Frameworks",
				);
				MARKETING_VERSION = 1.0;
				PRODUCT_BUNDLE_IDENTIFIER = Disa.SuperHeroesUIKit;
				PRODUCT_NAME = "$(TARGET_NAME)";
				SWIFT_EMIT_LOC_STRINGS = YES;
				SWIFT_VERSION = 5.0;
				TARGETED_DEVICE_FAMILY = "1,2";
			};
			name = Debug;
		};
		849BDF302C3575CB00DD81EA /* Release */ = {
			isa = XCBuildConfiguration;
			buildSettings = {
				ASSETCATALOG_COMPILER_APPICON_NAME = AppIcon;
				ASSETCATALOG_COMPILER_GLOBAL_ACCENT_COLOR_NAME = AccentColor;
				CODE_SIGN_STYLE = Automatic;
				CURRENT_PROJECT_VERSION = 1;
				GENERATE_INFOPLIST_FILE = YES;
				INFOPLIST_FILE = SuperHeroesUIKit/Info.plist;
				INFOPLIST_KEY_UIApplicationSupportsIndirectInputEvents = YES;
				INFOPLIST_KEY_UILaunchStoryboardName = LaunchScreen;
				INFOPLIST_KEY_UIStatusBarStyle = "";
				INFOPLIST_KEY_UISupportedInterfaceOrientations = UIInterfaceOrientationPortrait;
				INFOPLIST_KEY_UISupportedInterfaceOrientations_iPad = "UIInterfaceOrientationLandscapeLeft UIInterfaceOrientationLandscapeRight UIInterfaceOrientationPortrait UIInterfaceOrientationPortraitUpsideDown";
				LD_RUNPATH_SEARCH_PATHS = (
					"$(inherited)",
					"@executable_path/Frameworks",
				);
				MARKETING_VERSION = 1.0;
				PRODUCT_BUNDLE_IDENTIFIER = Disa.SuperHeroesUIKit;
				PRODUCT_NAME = "$(TARGET_NAME)";
				SWIFT_EMIT_LOC_STRINGS = YES;
				SWIFT_VERSION = 5.0;
				TARGETED_DEVICE_FAMILY = "1,2";
			};
			name = Release;
		};
/* End XCBuildConfiguration section */

/* Begin XCConfigurationList section */
		849BDF152C3575C500DD81EA /* Build configuration list for PBXProject "SuperHeroesUIKit" */ = {
			isa = XCConfigurationList;
			buildConfigurations = (
				849BDF2C2C3575CB00DD81EA /* Debug */,
				849BDF2D2C3575CB00DD81EA /* Release */,
			);
			defaultConfigurationIsVisible = 0;
			defaultConfigurationName = Release;
		};
		849BDF2E2C3575CB00DD81EA /* Build configuration list for PBXNativeTarget "SuperHeroesUIKit" */ = {
			isa = XCConfigurationList;
			buildConfigurations = (
				849BDF2F2C3575CB00DD81EA /* Debug */,
				849BDF302C3575CB00DD81EA /* Release */,
			);
			defaultConfigurationIsVisible = 0;
			defaultConfigurationName = Release;
		};
/* End XCConfigurationList section */
	};
	rootObject = 849BDF122C3575C500DD81EA /* Project object */;
}
